Microsoft Visual Studio Solution File, Format Version 9.00
# Visual Studio 2005
Project("{F184B08F-C81C-45F6-A57F-5ABD9991F28F}") = "docBookmarkNodes", "docBookmarkNodes.vbproj", "{E96CDA78-7F44-4EF5-A745-DFDFD4876883}"
EndProject
Global
	GlobalSection(SourceCodeControl) = preSolution
		SccNumberOfProjects = 2
		SccLocalPath0 = .
		SccProjectUniqueName1 = docBookmarkNodes.vbproj
		SccLocalPath1 = .
	EndGlobalSection
	GlobalSection(SolutionConfigurationPlatforms) = preSolution
		Debug|Any CPU = Debug|Any CPU
		Release|Any CPU = Release|Any CPU
	EndGlobalSection
	GlobalSection(ProjectConfigurationPlatforms) = postSolution
		{E96CDA78-7F44-4EF5-A745-DFDFD4876883}.Debug|Any CPU.ActiveCfg = Debug|Any CPU
		{E96CDA78-7F44-4EF5-A745-DFDFD4876883}.Debug|Any CPU.Build.0 = Debug|Any CPU
		{E96CDA78-7F44-4EF5-A745-DFDFD4876883}.Release|Any CPU.ActiveCfg = Release|Any CPU
		{E96CDA78-7F44-4EF5-A745-DFDFD4876883}.Release|Any CPU.Build.0 = Release|Any CPU
	EndGlobalSection
	GlobalSection(SolutionProperties) = preSolution
		HideSolutionNode = FALSE
	EndGlobalSection
EndGlobal
